
Microsoft Visual Studio Solution File, Format Version 12.00
# Visual Studio Version 16
VisualStudioVersion = 16.0.29324.140
MinimumVisualStudioVersion = 10.0.40219.1
Project("{FAE04EC0-301F-11D3-BF4B-00C04F79EFBC}") = "ClassworkNavigation", "ClassWork21.10.19\ClassworkNavigation.csproj", "{60CA92C9-A564-4695-AEE2-81D5820FDD65}"
EndProject
Global
	GlobalSection(SolutionConfigurationPlatforms) = preSolution
		Debug|Any CPU = Debug|Any CPU
		Release|Any CPU = Release|Any CPU
	EndGlobalSection
	GlobalSection(ProjectConfigurationPlatforms) = postSolution
		{60CA92C9-A564-4695-AEE2-81D5820FDD65}.Debug|Any CPU.ActiveCfg = Debug|Any CPU
		{60CA92C9-A564-4695-AEE2-81D5820FDD65}.Debug|Any CPU.Build.0 = Debug|Any CPU
		{60CA92C9-A564-4695-AEE2-81D5820FDD65}.Release|Any CPU.ActiveCfg = Release|Any CPU
		{60CA92C9-A564-4695-AEE2-81D5820FDD65}.Release|Any CPU.Build.0 = Release|Any CPU
	EndGlobalSection
	GlobalSection(SolutionProperties) = preSolution
		HideSolutionNode = FALSE
	EndGlobalSection
	GlobalSection(ExtensibilityGlobals) = postSolution
		SolutionGuid = {FEA845D4-7DF7-4FAA-8223-D43A06ACDD8F}
	EndGlobalSection
EndGlobal
